// !$*UTF8*$!
{
	archiveVersion = 1;
	classes = {
	};
	objectVersion = 77;
	objects = {

/* Begin PBXBuildFile section */
		C25BA36F2D6C52FC00E83DC9 /* SwiftProtobuf in Frameworks */ = {isa = PBXBuildFile; productRef = C25BA36E2D6C52FC00E83DC9 /* SwiftProtobuf */; };
		C25BA3DE2D7818CD00E83DC9 /* AWSS3 in Frameworks */ = {isa = PBXBuildFile; productRef = C25BA3DD2D7818CD00E83DC9 /* AWSS3 */; };
		C25BA4962D7AD26200E83DC9 /* AWSCognitoIdentity in Frameworks */ = {isa = PBXBuildFile; productRef = C25BA3DB2D7818CD00E83DC9 /* AWSCognitoIdentity */; };
		C25BA60E2D925FC300E83DC9 /* HCronCore in Frameworks */ = {isa = PBXBuildFile; productRef = C25BA60D2D925FC300E83DC9 /* HCronCore */; };
/* End PBXBuildFile section */

/* Begin PBXCopyFilesBuildPhase section */
		C25BA38E2D75466A00E83DC9 /* Embed Foundation Extensions */ = {
			isa = PBXCopyFilesBuildPhase;
			buildActionMask = 2147483647;
			dstPath = "";
			dstSubfolderSpec = 13;
			files = (
			);
			name = "Embed Foundation Extensions";
			runOnlyForDeploymentPostprocessing = 0;
		};
/* End PBXCopyFilesBuildPhase section */

/* Begin PBXFileReference section */
		C25BA3152D6ABAA600E83DC9 /* HLogger.app */ = {isa = PBXFileReference; explicitFileType = wrapper.application; includeInIndex = 0; path = HLogger.app; sourceTree = BUILT_PRODUCTS_DIR; };
		C25BA3792D73F40E00E83DC9 /* generate_protos.sh */ = {isa = PBXFileReference; lastKnownFileType = text.script.sh; path = generate_protos.sh; sourceTree = "<group>"; };
/* End PBXFileReference section */

/* Begin PBXFileSystemSynchronizedBuildFileExceptionSet section */
		C25BA6072D925E8E00E83DC9 /* Exceptions for "Tool" folder in "HLogger" target */ = {
			isa = PBXFileSystemSynchronizedBuildFileExceptionSet;
			membershipExceptions = (
				HCronCore,
			);
			target = C25BA3142D6ABAA600E83DC9 /* HLogger */;
		};
		C25BA61F2D927B7900E83DC9 /* Exceptions for "HLogger" folder in "HLogger" target */ = {
			isa = PBXFileSystemSynchronizedBuildFileExceptionSet;
			membershipExceptions = (
				Info.plist,
			);
			target = C25BA3142D6ABAA600E83DC9 /* HLogger */;
		};
/* End PBXFileSystemSynchronizedBuildFileExceptionSet section */

/* Begin PBXFileSystemSynchronizedRootGroup section */
		C25BA3172D6ABAA600E83DC9 /* HLogger */ = {
			isa = PBXFileSystemSynchronizedRootGroup;
			exceptions = (
				C25BA61F2D927B7900E83DC9 /* Exceptions for "HLogger" folder in "HLogger" target */,
			);
			path = HLogger;
			sourceTree = "<group>";
		};
		C25BA3B92D755BA200E83DC9 /* Schema */ = {
			isa = PBXFileSystemSynchronizedRootGroup;
			path = Schema;
			sourceTree = "<group>";
		};
		C25BA4432D782A8300E83DC9 /* Tool */ = {
			isa = PBXFileSystemSynchronizedRootGroup;
			exceptions = (
				C25BA6072D925E8E00E83DC9 /* Exceptions for "Tool" folder in "HLogger" target */,
			);
			path = Tool;
			sourceTree = "<group>";
		};
/* End PBXFileSystemSynchronizedRootGroup section */

/* Begin PBXFrameworksBuildPhase section */
		C25BA3122D6ABAA600E83DC9 /* Frameworks */ = {
			isa = PBXFrameworksBuildPhase;
			buildActionMask = 2147483647;
			files = (
				C25BA60E2D925FC300E83DC9 /* HCronCore in Frameworks */,
				C25BA4962D7AD26200E83DC9 /* AWSCognitoIdentity in Frameworks */,
				C25BA3DE2D7818CD00E83DC9 /* AWSS3 in Frameworks */,
				C25BA36F2D6C52FC00E83DC9 /* SwiftProtobuf in Frameworks */,
			);
			runOnlyForDeploymentPostprocessing = 0;
		};
/* End PBXFrameworksBuildPhase section */

/* Begin PBXGroup section */
		C25BA30C2D6ABAA600E83DC9 = {
			isa = PBXGroup;
			children = (
				C25BA3B92D755BA200E83DC9 /* Schema */,
				C25BA4432D782A8300E83DC9 /* Tool */,
				C25BA3782D73F3B800E83DC9 /* Script */,
				C25BA3172D6ABAA600E83DC9 /* HLogger */,
				C25BA3162D6ABAA600E83DC9 /* Products */,
			);
			sourceTree = "<group>";
		};
		C25BA3162D6ABAA600E83DC9 /* Products */ = {
			isa = PBXGroup;
			children = (
				C25BA3152D6ABAA600E83DC9 /* HLogger.app */,
			);
			name = Products;
			sourceTree = "<group>";
		};
		C25BA3782D73F3B800E83DC9 /* Script */ = {
			isa = PBXGroup;
			children = (
				C25BA3792D73F40E00E83DC9 /* generate_protos.sh */,
			);
			path = Script;
			sourceTree = "<group>";
		};
/* End PBXGroup section */

/* Begin PBXNativeTarget section */
		C25BA3142D6ABAA600E83DC9 /* HLogger */ = {
			isa = PBXNativeTarget;
			buildConfigurationList = C25BA3392D6ABAA700E83DC9 /* Build configuration list for PBXNativeTarget "HLogger" */;
			buildPhases = (
				C25BA3112D6ABAA600E83DC9 /* Sources */,
				C25BA3122D6ABAA600E83DC9 /* Frameworks */,
				C25BA3132D6ABAA600E83DC9 /* Resources */,
				C25BA38E2D75466A00E83DC9 /* Embed Foundation Extensions */,
			);
			buildRules = (
			);
			dependencies = (
			);
			fileSystemSynchronizedGroups = (
				C25BA3172D6ABAA600E83DC9 /* HLogger */,
				C25BA3B92D755BA200E83DC9 /* Schema */,
				C25BA4432D782A8300E83DC9 /* Tool */,
			);
			name = HLogger;
			packageProductDependencies = (
				C25BA36E2D6C52FC00E83DC9 /* SwiftProtobuf */,
				C25BA3DB2D7818CD00E83DC9 /* AWSCognitoIdentity */,
				C25BA3DD2D7818CD00E83DC9 /* AWSS3 */,
				C25BA60D2D925FC300E83DC9 /* HCronCore */,
			);
			productName = HLogger;
			productReference = C25BA3152D6ABAA600E83DC9 /* HLogger.app */;
			productType = "com.apple.product-type.application";
		};
/* End PBXNativeTarget section */

/* Begin PBXProject section */
		C25BA30D2D6ABAA600E83DC9 /* Project object */ = {
			isa = PBXProject;
			attributes = {
				BuildIndependentTargetsInParallel = 1;
				LastSwiftUpdateCheck = 1620;
				LastUpgradeCheck = 1620;
				TargetAttributes = {
					C25BA3142D6ABAA600E83DC9 = {
						CreatedOnToolsVersion = 16.2;
					};
				};
			};
			buildConfigurationList = C25BA3102D6ABAA600E83DC9 /* Build configuration list for PBXProject "HLogger" */;
			developmentRegion = en;
			hasScannedForEncodings = 0;
			knownRegions = (
				en,
				Base,
			);
			mainGroup = C25BA30C2D6ABAA600E83DC9;
			minimizedProjectReferenceProxies = 1;
			packageReferences = (
				C25BA36D2D6C52FC00E83DC9 /* XCRemoteSwiftPackageReference "swift-protobuf" */,
				C25BA3DA2D7818CD00E83DC9 /* XCRemoteSwiftPackageReference "aws-sdk-swift" */,
			);
			preferredProjectObjectVersion = 77;
			productRefGroup = C25BA3162D6ABAA600E83DC9 /* Products */;
			projectDirPath = "";
			projectRoot = "";
			targets = (
				C25BA3142D6ABAA600E83DC9 /* HLogger */,
			);
		};
/* End PBXProject section */

/* Begin PBXResourcesBuildPhase section */
		C25BA3132D6ABAA600E83DC9 /* Resources */ = {
			isa = PBXResourcesBuildPhase;
			buildActionMask = 2147483647;
			files = (
			);
			runOnlyForDeploymentPostprocessing = 0;
		};
/* End PBXResourcesBuildPhase section */

/* Begin PBXSourcesBuildPhase section */
		C25BA3112D6ABAA600E83DC9 /* Sources */ = {
			isa = PBXSourcesBuildPhase;
			buildActionMask = 2147483647;
			files = (
			);
			runOnlyForDeploymentPostprocessing = 0;
		};
/* End PBXSourcesBuildPhase section */

/* Begin XCBuildConfiguration section */
		C25BA3372D6ABAA700E83DC9 /* Debug */ = {
			isa = XCBuildConfiguration;
			buildSettings = {
				ALWAYS_SEARCH_USER_PATHS = NO;
				ASSETCATALOG_COMPILER_GENERATE_SWIFT_ASSET_SYMBOL_EXTENSIONS = YES;
				CLANG_ANALYZER_NONNULL = YES;
				CLANG_ANALYZER_NUMBER_OBJECT_CONVERSION = YES_AGGRESSIVE;
				CLANG_CXX_LANGUAGE_STANDARD = "gnu++20";
				CLANG_ENABLE_MODULES = YES;
				CLANG_ENABLE_OBJC_ARC = YES;
				CLANG_ENABLE_OBJC_WEAK = YES;
				CLANG_WARN_BLOCK_CAPTURE_AUTORELEASING = YES;
				CLANG_WARN_BOOL_CONVERSION = YES;
				CLANG_WARN_COMMA = YES;
				CLANG_WARN_CONSTANT_CONVERSION = YES;
				CLANG_WARN_DEPRECATED_OBJC_IMPLEMENTATIONS = YES;
				CLANG_WARN_DIRECT_OBJC_ISA_USAGE = YES_ERROR;
				CLANG_WARN_DOCUMENTATION_COMMENTS = YES;
				CLANG_WARN_EMPTY_BODY = YES;
				CLANG_WARN_ENUM_CONVERSION = YES;
				CLANG_WARN_INFINITE_RECURSION = YES;
				CLANG_WARN_INT_CONVERSION = YES;
				CLANG_WARN_NON_LITERAL_NULL_CONVERSION = YES;
				CLANG_WARN_OBJC_IMPLICIT_RETAIN_SELF = YES;
				CLANG_WARN_OBJC_LITERAL_CONVERSION = YES;
				CLANG_WARN_OBJC_ROOT_CLASS = YES_ERROR;
				CLANG_WARN_QUOTED_INCLUDE_IN_FRAMEWORK_HEADER = YES;
				CLANG_WARN_RANGE_LOOP_ANALYSIS = YES;
				CLANG_WARN_STRICT_PROTOTYPES = YES;
				CLANG_WARN_SUSPICIOUS_MOVE = YES;
				CLANG_WARN_UNGUARDED_AVAILABILITY = YES_AGGRESSIVE;
				CLANG_WARN_UNREACHABLE_CODE = YES;
				CLANG_WARN__DUPLICATE_METHOD_MATCH = YES;
				COPY_PHASE_STRIP = NO;
				DEBUG_INFORMATION_FORMAT = dwarf;
				ENABLE_STRICT_OBJC_MSGSEND = YES;
				ENABLE_TESTABILITY = YES;
				ENABLE_USER_SCRIPT_SANDBOXING = YES;
				GCC_C_LANGUAGE_STANDARD = gnu17;
				GCC_DYNAMIC_NO_PIC = NO;
				GCC_NO_COMMON_BLOCKS = YES;
				GCC_OPTIMIZATION_LEVEL = 0;
				GCC_PREPROCESSOR_DEFINITIONS = (
					"DEBUG=1",
					"$(inherited)",
				);
				GCC_WARN_64_TO_32_BIT_CONVERSION = YES;
				GCC_WARN_ABOUT_RETURN_TYPE = YES_ERROR;
				GCC_WARN_UNDECLARED_SELECTOR = YES;
				GCC_WARN_UNINITIALIZED_AUTOS = YES_AGGRESSIVE;
				GCC_WARN_UNUSED_FUNCTION = YES;
				GCC_WARN_UNUSED_VARIABLE = YES;
				IPHONEOS_DEPLOYMENT_TARGET = 18.2;
				LOCALIZATION_PREFERS_STRING_CATALOGS = YES;
				MTL_ENABLE_DEBUG_INFO = INCLUDE_SOURCE;
				MTL_FAST_MATH = YES;
				ONLY_ACTIVE_ARCH = YES;
				SDKROOT = iphoneos;
				SWIFT_ACTIVE_COMPILATION_CONDITIONS = "DEBUG $(inherited)";
				SWIFT_OPTIMIZATION_LEVEL = "-Onone";
			};
			name = Debug;
		};
		C25BA3382D6ABAA700E83DC9 /* Release */ = {
			isa = XCBuildConfiguration;
			buildSettings = {
				ALWAYS_SEARCH_USER_PATHS = NO;
				ASSETCATALOG_COMPILER_GENERATE_SWIFT_ASSET_SYMBOL_EXTENSIONS = YES;
				CLANG_ANALYZER_NONNULL = YES;
				CLANG_ANALYZER_NUMBER_OBJECT_CONVERSION = YES_AGGRESSIVE;
				CLANG_CXX_LANGUAGE_STANDARD = "gnu++20";
				CLANG_ENABLE_MODULES = YES;
				CLANG_ENABLE_OBJC_ARC = YES;
				CLANG_ENABLE_OBJC_WEAK = YES;
				CLANG_WARN_BLOCK_CAPTURE_AUTORELEASING = YES;
				CLANG_WARN_BOOL_CONVERSION = YES;
				CLANG_WARN_COMMA = YES;
				CLANG_WARN_CONSTANT_CONVERSION = YES;
				CLANG_WARN_DEPRECATED_OBJC_IMPLEMENTATIONS = YES;
				CLANG_WARN_DIRECT_OBJC_ISA_USAGE = YES_ERROR;
				CLANG_WARN_DOCUMENTATION_COMMENTS = YES;
				CLANG_WARN_EMPTY_BODY = YES;
				CLANG_WARN_ENUM_CONVERSION = YES;
				CLANG_WARN_INFINITE_RECURSION = YES;
				CLANG_WARN_INT_CONVERSION = YES;
				CLANG_WARN_NON_LITERAL_NULL_CONVERSION = YES;
				CLANG_WARN_OBJC_IMPLICIT_RETAIN_SELF = YES;
				CLANG_WARN_OBJC_LITERAL_CONVERSION = YES;
				CLANG_WARN_OBJC_ROOT_CLASS = YES_ERROR;
				CLANG_WARN_QUOTED_INCLUDE_IN_FRAMEWORK_HEADER = YES;
				CLANG_WARN_RANGE_LOOP_ANALYSIS = YES;
				CLANG_WARN_STRICT_PROTOTYPES = YES;
				CLANG_WARN_SUSPICIOUS_MOVE = YES;
				CLANG_WARN_UNGUARDED_AVAILABILITY = YES_AGGRESSIVE;
				CLANG_WARN_UNREACHABLE_CODE = YES;
				CLANG_WARN__DUPLICATE_METHOD_MATCH = YES;
				COPY_PHASE_STRIP = NO;
				DEBUG_INFORMATION_FORMAT = "dwarf-with-dsym";
				ENABLE_NS_ASSERTIONS = NO;
				ENABLE_STRICT_OBJC_MSGSEND = YES;
				ENABLE_USER_SCRIPT_SANDBOXING = YES;
				GCC_C_LANGUAGE_STANDARD = gnu17;
				GCC_NO_COMMON_BLOCKS = YES;
				GCC_WARN_64_TO_32_BIT_CONVERSION = YES;
				GCC_WARN_ABOUT_RETURN_TYPE = YES_ERROR;
				GCC_WARN_UNDECLARED_SELECTOR = YES;
				GCC_WARN_UNINITIALIZED_AUTOS = YES_AGGRESSIVE;
				GCC_WARN_UNUSED_FUNCTION = YES;
				GCC_WARN_UNUSED_VARIABLE = YES;
				IPHONEOS_DEPLOYMENT_TARGET = 18.2;
				LOCALIZATION_PREFERS_STRING_CATALOGS = YES;
				MTL_ENABLE_DEBUG_INFO = NO;
				MTL_FAST_MATH = YES;
				SDKROOT = iphoneos;
				SWIFT_COMPILATION_MODE = wholemodule;
				VALIDATE_PRODUCT = YES;
			};
			name = Release;
		};
		C25BA33A2D6ABAA700E83DC9 /* Debug */ = {
			isa = XCBuildConfiguration;
			buildSettings = {
				ASSETCATALOG_COMPILER_APPICON_NAME = AppIcon;
				ASSETCATALOG_COMPILER_GLOBAL_ACCENT_COLOR_NAME = AccentColor;
				CODE_SIGN_IDENTITY = "Apple Development";
				CODE_SIGN_STYLE = Automatic;
				CURRENT_PROJECT_VERSION = 1;
				DEVELOPMENT_ASSET_PATHS = "\"HLogger/Preview Content\"";
				DEVELOPMENT_TEAM = K5349Y2KC7;
				ENABLE_PREVIEWS = YES;
				GENERATE_INFOPLIST_FILE = YES;
				INFOPLIST_FILE = HLogger/Info.plist;
				INFOPLIST_KEY_NSLocationAlwaysAndWhenInUseUsageDescription = "We use your location to log your movement activities.";
				INFOPLIST_KEY_NSLocationAlwaysUsageDescription = "We use your location even when the app is in the background.";
				INFOPLIST_KEY_NSLocationWhenInUseUsageDescription = "We use your location while the app is active.";
				INFOPLIST_KEY_NSMotionUsageDescription = "We use motion data to detect activity types like walking, running, and driving.";
				INFOPLIST_KEY_UIApplicationSceneManifest_Generation = YES;
				INFOPLIST_KEY_UIApplicationSupportsIndirectInputEvents = YES;
				INFOPLIST_KEY_UILaunchScreen_Generation = YES;
				INFOPLIST_KEY_UIStatusBarStyle = UIStatusBarStyleDefault;
				INFOPLIST_KEY_UISupportedInterfaceOrientations = UIInterfaceOrientationPortrait;
				INFOPLIST_KEY_UISupportedInterfaceOrientations_iPad = "UIInterfaceOrientationLandscapeLeft UIInterfaceOrientationLandscapeRight UIInterfaceOrientationPortrait UIInterfaceOrientationPortraitUpsideDown";
				INFOPLIST_KEY_UISupportsDocumentBrowser = YES;
				IPHONEOS_DEPLOYMENT_TARGET = 18.0;
				LD_RUNPATH_SEARCH_PATHS = (
					"$(inherited)",
					"@executable_path/Frameworks",
				);
				MARKETING_VERSION = 1.0;
				PRODUCT_BUNDLE_IDENTIFIER = site.hugohu.HLogger;
				PRODUCT_NAME = "$(TARGET_NAME)";
				PROVISIONING_PROFILE_SPECIFIER = "";
				SUPPORTED_PLATFORMS = "iphoneos iphonesimulator";
				SUPPORTS_MACCATALYST = NO;
				SUPPORTS_MAC_DESIGNED_FOR_IPHONE_IPAD = NO;
				SUPPORTS_XR_DESIGNED_FOR_IPHONE_IPAD = NO;
				SWIFT_EMIT_LOC_STRINGS = YES;
				SWIFT_VERSION = 5.0;
				TARGETED_DEVICE_FAMILY = 1;
			};
			name = Debug;
		};
		C25BA33B2D6ABAA700E83DC9 /* Release */ = {
			isa = XCBuildConfiguration;
			buildSettings = {
				ASSETCATALOG_COMPILER_APPICON_NAME = AppIcon;
				ASSETCATALOG_COMPILER_GLOBAL_ACCENT_COLOR_NAME = AccentColor;
				CODE_SIGN_IDENTITY = "Apple Development";
				CODE_SIGN_STYLE = Automatic;
				CURRENT_PROJECT_VERSION = 1;
				DEVELOPMENT_ASSET_PATHS = "\"HLogger/Preview Content\"";
				DEVELOPMENT_TEAM = K5349Y2KC7;
				ENABLE_PREVIEWS = YES;
				GENERATE_INFOPLIST_FILE = YES;
				INFOPLIST_FILE = HLogger/Info.plist;
				INFOPLIST_KEY_NSLocationAlwaysAndWhenInUseUsageDescription = "We use your location to log your movement activities.";
				INFOPLIST_KEY_NSLocationAlwaysUsageDescription = "We use your location even when the app is in the background.";
				INFOPLIST_KEY_NSLocationWhenInUseUsageDescription = "We use your location while the app is active.";
				INFOPLIST_KEY_NSMotionUsageDescription = "We use motion data to detect activity types like walking, running, and driving.";
				INFOPLIST_KEY_UIApplicationSceneManifest_Generation = YES;
				INFOPLIST_KEY_UIApplicationSupportsIndirectInputEvents = YES;
				INFOPLIST_KEY_UILaunchScreen_Generation = YES;
				INFOPLIST_KEY_UIStatusBarStyle = UIStatusBarStyleDefault;
				INFOPLIST_KEY_UISupportedInterfaceOrientations = UIInterfaceOrientationPortrait;
				INFOPLIST_KEY_UISupportedInterfaceOrientations_iPad = "UIInterfaceOrientationLandscapeLeft UIInterfaceOrientationLandscapeRight UIInterfaceOrientationPortrait UIInterfaceOrientationPortraitUpsideDown";
				INFOPLIST_KEY_UISupportsDocumentBrowser = YES;
				IPHONEOS_DEPLOYMENT_TARGET = 18.0;
				LD_RUNPATH_SEARCH_PATHS = (
					"$(inherited)",
					"@executable_path/Frameworks",
				);
				MARKETING_VERSION = 1.0;
				PRODUCT_BUNDLE_IDENTIFIER = site.hugohu.HLogger;
				PRODUCT_NAME = "$(TARGET_NAME)";
				PROVISIONING_PROFILE_SPECIFIER = "";
				SUPPORTED_PLATFORMS = "iphoneos iphonesimulator";
				SUPPORTS_MACCATALYST = NO;
				SUPPORTS_MAC_DESIGNED_FOR_IPHONE_IPAD = NO;
				SUPPORTS_XR_DESIGNED_FOR_IPHONE_IPAD = NO;
				SWIFT_EMIT_LOC_STRINGS = YES;
				SWIFT_VERSION = 5.0;
				TARGETED_DEVICE_FAMILY = 1;
			};
			name = Release;
		};
/* End XCBuildConfiguration section */

/* Begin XCConfigurationList section */
		C25BA3102D6ABAA600E83DC9 /* Build configuration list for PBXProject "HLogger" */ = {
			isa = XCConfigurationList;
			buildConfigurations = (
				C25BA3372D6ABAA700E83DC9 /* Debug */,
				C25BA3382D6ABAA700E83DC9 /* Release */,
			);
			defaultConfigurationIsVisible = 0;
			defaultConfigurationName = Release;
		};
		C25BA3392D6ABAA700E83DC9 /* Build configuration list for PBXNativeTarget "HLogger" */ = {
			isa = XCConfigurationList;
			buildConfigurations = (
				C25BA33A2D6ABAA700E83DC9 /* Debug */,
				C25BA33B2D6ABAA700E83DC9 /* Release */,
			);
			defaultConfigurationIsVisible = 0;
			defaultConfigurationName = Release;
		};
/* End XCConfigurationList section */

/* Begin XCRemoteSwiftPackageReference section */
		C25BA36D2D6C52FC00E83DC9 /* XCRemoteSwiftPackageReference "swift-protobuf" */ = {
			isa = XCRemoteSwiftPackageReference;
			repositoryURL = "https://github.com/apple/swift-protobuf.git";
			requirement = {
				kind = upToNextMajorVersion;
				minimumVersion = 1.28.2;
			};
		};
		C25BA3DA2D7818CD00E83DC9 /* XCRemoteSwiftPackageReference "aws-sdk-swift" */ = {
			isa = XCRemoteSwiftPackageReference;
			repositoryURL = "https://github.com/aws-amplify/aws-sdk-swift";
			requirement = {
				kind = upToNextMajorVersion;
				minimumVersion = 1.2.31;
			};
		};
/* End XCRemoteSwiftPackageReference section */

/* Begin XCSwiftPackageProductDependency section */
		C25BA36E2D6C52FC00E83DC9 /* SwiftProtobuf */ = {
			isa = XCSwiftPackageProductDependency;
			package = C25BA36D2D6C52FC00E83DC9 /* XCRemoteSwiftPackageReference "swift-protobuf" */;
			productName = SwiftProtobuf;
		};
		C25BA3DB2D7818CD00E83DC9 /* AWSCognitoIdentity */ = {
			isa = XCSwiftPackageProductDependency;
			package = C25BA3DA2D7818CD00E83DC9 /* XCRemoteSwiftPackageReference "aws-sdk-swift" */;
			productName = AWSCognitoIdentity;
		};
		C25BA3DD2D7818CD00E83DC9 /* AWSS3 */ = {
			isa = XCSwiftPackageProductDependency;
			package = C25BA3DA2D7818CD00E83DC9 /* XCRemoteSwiftPackageReference "aws-sdk-swift" */;
			productName = AWSS3;
		};
		C25BA60D2D925FC300E83DC9 /* HCronCore */ = {
			isa = XCSwiftPackageProductDependency;
			productName = HCronCore;
		};
/* End XCSwiftPackageProductDependency section */
	};
	rootObject = C25BA30D2D6ABAA600E83DC9 /* Project object */;
}
