// !$*UTF8*$!
{
	archiveVersion = 1;
	classes = {
	};
	objectVersion = 77;
	objects = {

/* Begin PBXContainerItemProxy section */
		C25BA3262D6ABAA700E83DC9 /* PBXContainerItemProxy */ = {
			isa = PBXContainerItemProxy;
			containerPortal = C25BA30D2D6ABAA600E83DC9 /* Project object */;
			proxyType = 1;
			remoteGlobalIDString = C25BA3142D6ABAA600E83DC9;
			remoteInfo = HLogger;
		};
		C25BA3302D6ABAA700E83DC9 /* PBXContainerItemProxy */ = {
			isa = PBXContainerItemProxy;
			containerPortal = C25BA30D2D6ABAA600E83DC9 /* Project object */;
			proxyType = 1;
			remoteGlobalIDString = C25BA3142D6ABAA600E83DC9;
			remoteInfo = HLogger;
		};
/* End PBXContainerItemProxy section */

/* Begin PBXFileReference section */
		C25BA3152D6ABAA600E83DC9 /* HLogger.app */ = {isa = PBXFileReference; explicitFileType = wrapper.application; includeInIndex = 0; path = HLogger.app; sourceTree = BUILT_PRODUCTS_DIR; };
		C25BA3252D6ABAA700E83DC9 /* HLoggerTests.xctest */ = {isa = PBXFileReference; explicitFileType = wrapper.cfbundle; includeInIndex = 0; path = HLoggerTests.xctest; sourceTree = BUILT_PRODUCTS_DIR; };
		C25BA32F2D6ABAA700E83DC9 /* HLoggerUITests.xctest */ = {isa = PBXFileReference; explicitFileType = wrapper.cfbundle; includeInIndex = 0; path = HLoggerUITests.xctest; sourceTree = BUILT_PRODUCTS_DIR; };
/* End PBXFileReference section */

/* Begin PBXFileSystemSynchronizedRootGroup section */
		C25BA3172D6ABAA600E83DC9 /* HLogger */ = {
			isa = PBXFileSystemSynchronizedRootGroup;
			path = HLogger;
			sourceTree = "<group>";
		};
		C25BA3282D6ABAA700E83DC9 /* HLoggerTests */ = {
			isa = PBXFileSystemSynchronizedRootGroup;
			path = HLoggerTests;
			sourceTree = "<group>";
		};
		C25BA3322D6ABAA700E83DC9 /* HLoggerUITests */ = {
			isa = PBXFileSystemSynchronizedRootGroup;
			path = HLoggerUITests;
			sourceTree = "<group>";
		};
/* End PBXFileSystemSynchronizedRootGroup section */

/* Begin PBXFrameworksBuildPhase section */
		C25BA3122D6ABAA600E83DC9 /* Frameworks */ = {
			isa = PBXFrameworksBuildPhase;
			buildActionMask = 2147483647;
			files = (
			);
			runOnlyForDeploymentPostprocessing = 0;
		};
		C25BA3222D6ABAA700E83DC9 /* Frameworks */ = {
			isa = PBXFrameworksBuildPhase;
			buildActionMask = 2147483647;
			files = (
			);
			runOnlyForDeploymentPostprocessing = 0;
		};
		C25BA32C2D6ABAA700E83DC9 /* Frameworks */ = {
			isa = PBXFrameworksBuildPhase;
			buildActionMask = 2147483647;
			files = (
			);
			runOnlyForDeploymentPostprocessing = 0;
		};
/* End PBXFrameworksBuildPhase section */

/* Begin PBXGroup section */
		C25BA30C2D6ABAA600E83DC9 = {
			isa = PBXGroup;
			children = (
				C25BA3172D6ABAA600E83DC9 /* HLogger */,
				C25BA3282D6ABAA700E83DC9 /* HLoggerTests */,
				C25BA3322D6ABAA700E83DC9 /* HLoggerUITests */,
				C25BA3162D6ABAA600E83DC9 /* Products */,
			);
			sourceTree = "<group>";
		};
		C25BA3162D6ABAA600E83DC9 /* Products */ = {
			isa = PBXGroup;
			children = (
				C25BA3152D6ABAA600E83DC9 /* HLogger.app */,
				C25BA3252D6ABAA700E83DC9 /* HLoggerTests.xctest */,
				C25BA32F2D6ABAA700E83DC9 /* HLoggerUITests.xctest */,
			);
			name = Products;
			sourceTree = "<group>";
		};
/* End PBXGroup section */

/* Begin PBXNativeTarget section */
		C25BA3142D6ABAA600E83DC9 /* HLogger */ = {
			isa = PBXNativeTarget;
			buildConfigurationList = C25BA3392D6ABAA700E83DC9 /* Build configuration list for PBXNativeTarget "HLogger" */;
			buildPhases = (
				C25BA3112D6ABAA600E83DC9 /* Sources */,
				C25BA3122D6ABAA600E83DC9 /* Frameworks */,
				C25BA3132D6ABAA600E83DC9 /* Resources */,
			);
			buildRules = (
			);
			dependencies = (
			);
			fileSystemSynchronizedGroups = (
				C25BA3172D6ABAA600E83DC9 /* HLogger */,
			);
			name = HLogger;
			packageProductDependencies = (
			);
			productName = HLogger;
			productReference = C25BA3152D6ABAA600E83DC9 /* HLogger.app */;
			productType = "com.apple.product-type.application";
		};
		C25BA3242D6ABAA700E83DC9 /* HLoggerTests */ = {
			isa = PBXNativeTarget;
			buildConfigurationList = C25BA33C2D6ABAA700E83DC9 /* Build configuration list for PBXNativeTarget "HLoggerTests" */;
			buildPhases = (
				C25BA3212D6ABAA700E83DC9 /* Sources */,
				C25BA3222D6ABAA700E83DC9 /* Frameworks */,
				C25BA3232D6ABAA700E83DC9 /* Resources */,
			);
			buildRules = (
			);
			dependencies = (
				C25BA3272D6ABAA700E83DC9 /* PBXTargetDependency */,
			);
			fileSystemSynchronizedGroups = (
				C25BA3282D6ABAA700E83DC9 /* HLoggerTests */,
			);
			name = HLoggerTests;
			packageProductDependencies = (
			);
			productName = HLoggerTests;
			productReference = C25BA3252D6ABAA700E83DC9 /* HLoggerTests.xctest */;
			productType = "com.apple.product-type.bundle.unit-test";
		};
		C25BA32E2D6ABAA700E83DC9 /* HLoggerUITests */ = {
			isa = PBXNativeTarget;
			buildConfigurationList = C25BA33F2D6ABAA700E83DC9 /* Build configuration list for PBXNativeTarget "HLoggerUITests" */;
			buildPhases = (
				C25BA32B2D6ABAA700E83DC9 /* Sources */,
				C25BA32C2D6ABAA700E83DC9 /* Frameworks */,
				C25BA32D2D6ABAA700E83DC9 /* Resources */,
			);
			buildRules = (
			);
			dependencies = (
				C25BA3312D6ABAA700E83DC9 /* PBXTargetDependency */,
			);
			fileSystemSynchronizedGroups = (
				C25BA3322D6ABAA700E83DC9 /* HLoggerUITests */,
			);
			name = HLoggerUITests;
			packageProductDependencies = (
			);
			productName = HLoggerUITests;
			productReference = C25BA32F2D6ABAA700E83DC9 /* HLoggerUITests.xctest */;
			productType = "com.apple.product-type.bundle.ui-testing";
		};
/* End PBXNativeTarget section */

/* Begin PBXProject section */
		C25BA30D2D6ABAA600E83DC9 /* Project object */ = {
			isa = PBXProject;
			attributes = {
				BuildIndependentTargetsInParallel = 1;
				LastSwiftUpdateCheck = 1620;
				LastUpgradeCheck = 1620;
				TargetAttributes = {
					C25BA3142D6ABAA600E83DC9 = {
						CreatedOnToolsVersion = 16.2;
					};
					C25BA3242D6ABAA700E83DC9 = {
						CreatedOnToolsVersion = 16.2;
						TestTargetID = C25BA3142D6ABAA600E83DC9;
					};
					C25BA32E2D6ABAA700E83DC9 = {
						CreatedOnToolsVersion = 16.2;
						TestTargetID = C25BA3142D6ABAA600E83DC9;
					};
				};
			};
			buildConfigurationList = C25BA3102D6ABAA600E83DC9 /* Build configuration list for PBXProject "HLogger" */;
			developmentRegion = en;
			hasScannedForEncodings = 0;
			knownRegions = (
				en,
				Base,
			);
			mainGroup = C25BA30C2D6ABAA600E83DC9;
			minimizedProjectReferenceProxies = 1;
			preferredProjectObjectVersion = 77;
			productRefGroup = C25BA3162D6ABAA600E83DC9 /* Products */;
			projectDirPath = "";
			projectRoot = "";
			targets = (
				C25BA3142D6ABAA600E83DC9 /* HLogger */,
				C25BA3242D6ABAA700E83DC9 /* HLoggerTests */,
				C25BA32E2D6ABAA700E83DC9 /* HLoggerUITests */,
			);
		};
/* End PBXProject section */

/* Begin PBXResourcesBuildPhase section */
		C25BA3132D6ABAA600E83DC9 /* Resources */ = {
			isa = PBXResourcesBuildPhase;
			buildActionMask = 2147483647;
			files = (
			);
			runOnlyForDeploymentPostprocessing = 0;
		};
		C25BA3232D6ABAA700E83DC9 /* Resources */ = {
			isa = PBXResourcesBuildPhase;
			buildActionMask = 2147483647;
			files = (
			);
			runOnlyForDeploymentPostprocessing = 0;
		};
		C25BA32D2D6ABAA700E83DC9 /* Resources */ = {
			isa = PBXResourcesBuildPhase;
			buildActionMask = 2147483647;
			files = (
			);
			runOnlyForDeploymentPostprocessing = 0;
		};
/* End PBXResourcesBuildPhase section */

/* Begin PBXSourcesBuildPhase section */
		C25BA3112D6ABAA600E83DC9 /* Sources */ = {
			isa = PBXSourcesBuildPhase;
			buildActionMask = 2147483647;
			files = (
			);
			runOnlyForDeploymentPostprocessing = 0;
		};
		C25BA3212D6ABAA700E83DC9 /* Sources */ = {
			isa = PBXSourcesBuildPhase;
			buildActionMask = 2147483647;
			files = (
			);
			runOnlyForDeploymentPostprocessing = 0;
		};
		C25BA32B2D6ABAA700E83DC9 /* Sources */ = {
			isa = PBXSourcesBuildPhase;
			buildActionMask = 2147483647;
			files = (
			);
			runOnlyForDeploymentPostprocessing = 0;
		};
/* End PBXSourcesBuildPhase section */

/* Begin PBXTargetDependency section */
		C25BA3272D6ABAA700E83DC9 /* PBXTargetDependency */ = {
			isa = PBXTargetDependency;
			target = C25BA3142D6ABAA600E83DC9 /* HLogger */;
			targetProxy = C25BA3262D6ABAA700E83DC9 /* PBXContainerItemProxy */;
		};
		C25BA3312D6ABAA700E83DC9 /* PBXTargetDependency */ = {
			isa = PBXTargetDependency;
			target = C25BA3142D6ABAA600E83DC9 /* HLogger */;
			targetProxy = C25BA3302D6ABAA700E83DC9 /* PBXContainerItemProxy */;
		};
/* End PBXTargetDependency section */

/* Begin XCBuildConfiguration section */
		C25BA3372D6ABAA700E83DC9 /* Debug */ = {
			isa = XCBuildConfiguration;
			buildSettings = {
				ALWAYS_SEARCH_USER_PATHS = NO;
				ASSETCATALOG_COMPILER_GENERATE_SWIFT_ASSET_SYMBOL_EXTENSIONS = YES;
				CLANG_ANALYZER_NONNULL = YES;
				CLANG_ANALYZER_NUMBER_OBJECT_CONVERSION = YES_AGGRESSIVE;
				CLANG_CXX_LANGUAGE_STANDARD = "gnu++20";
				CLANG_ENABLE_MODULES = YES;
				CLANG_ENABLE_OBJC_ARC = YES;
				CLANG_ENABLE_OBJC_WEAK = YES;
				CLANG_WARN_BLOCK_CAPTURE_AUTORELEASING = YES;
				CLANG_WARN_BOOL_CONVERSION = YES;
				CLANG_WARN_COMMA = YES;
				CLANG_WARN_CONSTANT_CONVERSION = YES;
				CLANG_WARN_DEPRECATED_OBJC_IMPLEMENTATIONS = YES;
				CLANG_WARN_DIRECT_OBJC_ISA_USAGE = YES_ERROR;
				CLANG_WARN_DOCUMENTATION_COMMENTS = YES;
				CLANG_WARN_EMPTY_BODY = YES;
				CLANG_WARN_ENUM_CONVERSION = YES;
				CLANG_WARN_INFINITE_RECURSION = YES;
				CLANG_WARN_INT_CONVERSION = YES;
				CLANG_WARN_NON_LITERAL_NULL_CONVERSION = YES;
				CLANG_WARN_OBJC_IMPLICIT_RETAIN_SELF = YES;
				CLANG_WARN_OBJC_LITERAL_CONVERSION = YES;
				CLANG_WARN_OBJC_ROOT_CLASS = YES_ERROR;
				CLANG_WARN_QUOTED_INCLUDE_IN_FRAMEWORK_HEADER = YES;
				CLANG_WARN_RANGE_LOOP_ANALYSIS = YES;
				CLANG_WARN_STRICT_PROTOTYPES = YES;
				CLANG_WARN_SUSPICIOUS_MOVE = YES;
				CLANG_WARN_UNGUARDED_AVAILABILITY = YES_AGGRESSIVE;
				CLANG_WARN_UNREACHABLE_CODE = YES;
				CLANG_WARN__DUPLICATE_METHOD_MATCH = YES;
				COPY_PHASE_STRIP = NO;
				DEBUG_INFORMATION_FORMAT = dwarf;
				ENABLE_STRICT_OBJC_MSGSEND = YES;
				ENABLE_TESTABILITY = YES;
				ENABLE_USER_SCRIPT_SANDBOXING = YES;
				GCC_C_LANGUAGE_STANDARD = gnu17;
				GCC_DYNAMIC_NO_PIC = NO;
				GCC_NO_COMMON_BLOCKS = YES;
				GCC_OPTIMIZATION_LEVEL = 0;
				GCC_PREPROCESSOR_DEFINITIONS = (
					"DEBUG=1",
					"$(inherited)",
				);
				GCC_WARN_64_TO_32_BIT_CONVERSION = YES;
				GCC_WARN_ABOUT_RETURN_TYPE = YES_ERROR;
				GCC_WARN_UNDECLARED_SELECTOR = YES;
				GCC_WARN_UNINITIALIZED_AUTOS = YES_AGGRESSIVE;
				GCC_WARN_UNUSED_FUNCTION = YES;
				GCC_WARN_UNUSED_VARIABLE = YES;
				IPHONEOS_DEPLOYMENT_TARGET = 18.2;
				LOCALIZATION_PREFERS_STRING_CATALOGS = YES;
				MTL_ENABLE_DEBUG_INFO = INCLUDE_SOURCE;
				MTL_FAST_MATH = YES;
				ONLY_ACTIVE_ARCH = YES;
				SDKROOT = iphoneos;
				SWIFT_ACTIVE_COMPILATION_CONDITIONS = "DEBUG $(inherited)";
				SWIFT_OPTIMIZATION_LEVEL = "-Onone";
			};
			name = Debug;
		};
		C25BA3382D6ABAA700E83DC9 /* Release */ = {
			isa = XCBuildConfiguration;
			buildSettings = {
				ALWAYS_SEARCH_USER_PATHS = NO;
				ASSETCATALOG_COMPILER_GENERATE_SWIFT_ASSET_SYMBOL_EXTENSIONS = YES;
				CLANG_ANALYZER_NONNULL = YES;
				CLANG_ANALYZER_NUMBER_OBJECT_CONVERSION = YES_AGGRESSIVE;
				CLANG_CXX_LANGUAGE_STANDARD = "gnu++20";
				CLANG_ENABLE_MODULES = YES;
				CLANG_ENABLE_OBJC_ARC = YES;
				CLANG_ENABLE_OBJC_WEAK = YES;
				CLANG_WARN_BLOCK_CAPTURE_AUTORELEASING = YES;
				CLANG_WARN_BOOL_CONVERSION = YES;
				CLANG_WARN_COMMA = YES;
				CLANG_WARN_CONSTANT_CONVERSION = YES;
				CLANG_WARN_DEPRECATED_OBJC_IMPLEMENTATIONS = YES;
				CLANG_WARN_DIRECT_OBJC_ISA_USAGE = YES_ERROR;
				CLANG_WARN_DOCUMENTATION_COMMENTS = YES;
				CLANG_WARN_EMPTY_BODY = YES;
				CLANG_WARN_ENUM_CONVERSION = YES;
				CLANG_WARN_INFINITE_RECURSION = YES;
				CLANG_WARN_INT_CONVERSION = YES;
				CLANG_WARN_NON_LITERAL_NULL_CONVERSION = YES;
				CLANG_WARN_OBJC_IMPLICIT_RETAIN_SELF = YES;
				CLANG_WARN_OBJC_LITERAL_CONVERSION = YES;
				CLANG_WARN_OBJC_ROOT_CLASS = YES_ERROR;
				CLANG_WARN_QUOTED_INCLUDE_IN_FRAMEWORK_HEADER = YES;
				CLANG_WARN_RANGE_LOOP_ANALYSIS = YES;
				CLANG_WARN_STRICT_PROTOTYPES = YES;
				CLANG_WARN_SUSPICIOUS_MOVE = YES;
				CLANG_WARN_UNGUARDED_AVAILABILITY = YES_AGGRESSIVE;
				CLANG_WARN_UNREACHABLE_CODE = YES;
				CLANG_WARN__DUPLICATE_METHOD_MATCH = YES;
				COPY_PHASE_STRIP = NO;
				DEBUG_INFORMATION_FORMAT = "dwarf-with-dsym";
				ENABLE_NS_ASSERTIONS = NO;
				ENABLE_STRICT_OBJC_MSGSEND = YES;
				ENABLE_USER_SCRIPT_SANDBOXING = YES;
				GCC_C_LANGUAGE_STANDARD = gnu17;
				GCC_NO_COMMON_BLOCKS = YES;
				GCC_WARN_64_TO_32_BIT_CONVERSION = YES;
				GCC_WARN_ABOUT_RETURN_TYPE = YES_ERROR;
				GCC_WARN_UNDECLARED_SELECTOR = YES;
				GCC_WARN_UNINITIALIZED_AUTOS = YES_AGGRESSIVE;
				GCC_WARN_UNUSED_FUNCTION = YES;
				GCC_WARN_UNUSED_VARIABLE = YES;
				IPHONEOS_DEPLOYMENT_TARGET = 18.2;
				LOCALIZATION_PREFERS_STRING_CATALOGS = YES;
				MTL_ENABLE_DEBUG_INFO = NO;
				MTL_FAST_MATH = YES;
				SDKROOT = iphoneos;
				SWIFT_COMPILATION_MODE = wholemodule;
				VALIDATE_PRODUCT = YES;
			};
			name = Release;
		};
		C25BA33A2D6ABAA700E83DC9 /* Debug */ = {
			isa = XCBuildConfiguration;
			buildSettings = {
				ASSETCATALOG_COMPILER_APPICON_NAME = AppIcon;
				ASSETCATALOG_COMPILER_GLOBAL_ACCENT_COLOR_NAME = AccentColor;
				CODE_SIGN_STYLE = Automatic;
				CURRENT_PROJECT_VERSION = 1;
				DEVELOPMENT_ASSET_PATHS = "\"HLogger/Preview Content\"";
				DEVELOPMENT_TEAM = K5349Y2KC7;
				ENABLE_PREVIEWS = YES;
				GENERATE_INFOPLIST_FILE = YES;
				INFOPLIST_KEY_UIApplicationSceneManifest_Generation = YES;
				INFOPLIST_KEY_UIApplicationSupportsIndirectInputEvents = YES;
				INFOPLIST_KEY_UILaunchScreen_Generation = YES;
				INFOPLIST_KEY_UISupportedInterfaceOrientations_iPad = "UIInterfaceOrientationPortrait UIInterfaceOrientationPortraitUpsideDown UIInterfaceOrientationLandscapeLeft UIInterfaceOrientationLandscapeRight";
				INFOPLIST_KEY_UISupportedInterfaceOrientations_iPhone = "UIInterfaceOrientationPortrait UIInterfaceOrientationLandscapeLeft UIInterfaceOrientationLandscapeRight";
				LD_RUNPATH_SEARCH_PATHS = (
					"$(inherited)",
					"@executable_path/Frameworks",
				);
				MARKETING_VERSION = 1.0;
				PRODUCT_BUNDLE_IDENTIFIER = site.hugohu.HLogger;
				PRODUCT_NAME = "$(TARGET_NAME)";
				SWIFT_EMIT_LOC_STRINGS = YES;
				SWIFT_VERSION = 5.0;
				TARGETED_DEVICE_FAMILY = "1,2";
			};
			name = Debug;
		};
		C25BA33B2D6ABAA700E83DC9 /* Release */ = {
			isa = XCBuildConfiguration;
			buildSettings = {
				ASSETCATALOG_COMPILER_APPICON_NAME = AppIcon;
				ASSETCATALOG_COMPILER_GLOBAL_ACCENT_COLOR_NAME = AccentColor;
				CODE_SIGN_STYLE = Automatic;
				CURRENT_PROJECT_VERSION = 1;
				DEVELOPMENT_ASSET_PATHS = "\"HLogger/Preview Content\"";
				DEVELOPMENT_TEAM = K5349Y2KC7;
				ENABLE_PREVIEWS = YES;
				GENERATE_INFOPLIST_FILE = YES;
				INFOPLIST_KEY_UIApplicationSceneManifest_Generation = YES;
				INFOPLIST_KEY_UIApplicationSupportsIndirectInputEvents = YES;
				INFOPLIST_KEY_UILaunchScreen_Generation = YES;
				INFOPLIST_KEY_UISupportedInterfaceOrientations_iPad = "UIInterfaceOrientationPortrait UIInterfaceOrientationPortraitUpsideDown UIInterfaceOrientationLandscapeLeft UIInterfaceOrientationLandscapeRight";
				INFOPLIST_KEY_UISupportedInterfaceOrientations_iPhone = "UIInterfaceOrientationPortrait UIInterfaceOrientationLandscapeLeft UIInterfaceOrientationLandscapeRight";
				LD_RUNPATH_SEARCH_PATHS = (
					"$(inherited)",
					"@executable_path/Frameworks",
				);
				MARKETING_VERSION = 1.0;
				PRODUCT_BUNDLE_IDENTIFIER = site.hugohu.HLogger;
				PRODUCT_NAME = "$(TARGET_NAME)";
				SWIFT_EMIT_LOC_STRINGS = YES;
				SWIFT_VERSION = 5.0;
				TARGETED_DEVICE_FAMILY = "1,2";
			};
			name = Release;
		};
		C25BA33D2D6ABAA700E83DC9 /* Debug */ = {
			isa = XCBuildConfiguration;
			buildSettings = {
				BUNDLE_LOADER = "$(TEST_HOST)";
				CODE_SIGN_STYLE = Automatic;
				CURRENT_PROJECT_VERSION = 1;
				DEVELOPMENT_TEAM = K5349Y2KC7;
				GENERATE_INFOPLIST_FILE = YES;
				IPHONEOS_DEPLOYMENT_TARGET = 18.2;
				MARKETING_VERSION = 1.0;
				PRODUCT_BUNDLE_IDENTIFIER = site.hugohu.HLoggerTests;
				PRODUCT_NAME = "$(TARGET_NAME)";
				SWIFT_EMIT_LOC_STRINGS = NO;
				SWIFT_VERSION = 5.0;
				TARGETED_DEVICE_FAMILY = "1,2";
				TEST_HOST = "$(BUILT_PRODUCTS_DIR)/HLogger.app/$(BUNDLE_EXECUTABLE_FOLDER_PATH)/HLogger";
			};
			name = Debug;
		};
		C25BA33E2D6ABAA700E83DC9 /* Release */ = {
			isa = XCBuildConfiguration;
			buildSettings = {
				BUNDLE_LOADER = "$(TEST_HOST)";
				CODE_SIGN_STYLE = Automatic;
				CURRENT_PROJECT_VERSION = 1;
				DEVELOPMENT_TEAM = K5349Y2KC7;
				GENERATE_INFOPLIST_FILE = YES;
				IPHONEOS_DEPLOYMENT_TARGET = 18.2;
				MARKETING_VERSION = 1.0;
				PRODUCT_BUNDLE_IDENTIFIER = site.hugohu.HLoggerTests;
				PRODUCT_NAME = "$(TARGET_NAME)";
				SWIFT_EMIT_LOC_STRINGS = NO;
				SWIFT_VERSION = 5.0;
				TARGETED_DEVICE_FAMILY = "1,2";
				TEST_HOST = "$(BUILT_PRODUCTS_DIR)/HLogger.app/$(BUNDLE_EXECUTABLE_FOLDER_PATH)/HLogger";
			};
			name = Release;
		};
		C25BA3402D6ABAA700E83DC9 /* Debug */ = {
			isa = XCBuildConfiguration;
			buildSettings = {
				CODE_SIGN_STYLE = Automatic;
				CURRENT_PROJECT_VERSION = 1;
				DEVELOPMENT_TEAM = K5349Y2KC7;
				GENERATE_INFOPLIST_FILE = YES;
				MARKETING_VERSION = 1.0;
				PRODUCT_BUNDLE_IDENTIFIER = site.hugohu.HLoggerUITests;
				PRODUCT_NAME = "$(TARGET_NAME)";
				SWIFT_EMIT_LOC_STRINGS = NO;
				SWIFT_VERSION = 5.0;
				TARGETED_DEVICE_FAMILY = "1,2";
				TEST_TARGET_NAME = HLogger;
			};
			name = Debug;
		};
		C25BA3412D6ABAA700E83DC9 /* Release */ = {
			isa = XCBuildConfiguration;
			buildSettings = {
				CODE_SIGN_STYLE = Automatic;
				CURRENT_PROJECT_VERSION = 1;
				DEVELOPMENT_TEAM = K5349Y2KC7;
				GENERATE_INFOPLIST_FILE = YES;
				MARKETING_VERSION = 1.0;
				PRODUCT_BUNDLE_IDENTIFIER = site.hugohu.HLoggerUITests;
				PRODUCT_NAME = "$(TARGET_NAME)";
				SWIFT_EMIT_LOC_STRINGS = NO;
				SWIFT_VERSION = 5.0;
				TARGETED_DEVICE_FAMILY = "1,2";
				TEST_TARGET_NAME = HLogger;
			};
			name = Release;
		};
/* End XCBuildConfiguration section */

/* Begin XCConfigurationList section */
		C25BA3102D6ABAA600E83DC9 /* Build configuration list for PBXProject "HLogger" */ = {
			isa = XCConfigurationList;
			buildConfigurations = (
				C25BA3372D6ABAA700E83DC9 /* Debug */,
				C25BA3382D6ABAA700E83DC9 /* Release */,
			);
			defaultConfigurationIsVisible = 0;
			defaultConfigurationName = Release;
		};
		C25BA3392D6ABAA700E83DC9 /* Build configuration list for PBXNativeTarget "HLogger" */ = {
			isa = XCConfigurationList;
			buildConfigurations = (
				C25BA33A2D6ABAA700E83DC9 /* Debug */,
				C25BA33B2D6ABAA700E83DC9 /* Release */,
			);
			defaultConfigurationIsVisible = 0;
			defaultConfigurationName = Release;
		};
		C25BA33C2D6ABAA700E83DC9 /* Build configuration list for PBXNativeTarget "HLoggerTests" */ = {
			isa = XCConfigurationList;
			buildConfigurations = (
				C25BA33D2D6ABAA700E83DC9 /* Debug */,
				C25BA33E2D6ABAA700E83DC9 /* Release */,
			);
			defaultConfigurationIsVisible = 0;
			defaultConfigurationName = Release;
		};
		C25BA33F2D6ABAA700E83DC9 /* Build configuration list for PBXNativeTarget "HLoggerUITests" */ = {
			isa = XCConfigurationList;
			buildConfigurations = (
				C25BA3402D6ABAA700E83DC9 /* Debug */,
				C25BA3412D6ABAA700E83DC9 /* Release */,
			);
			defaultConfigurationIsVisible = 0;
			defaultConfigurationName = Release;
		};
/* End XCConfigurationList section */
	};
	rootObject = C25BA30D2D6ABAA600E83DC9 /* Project object */;
}
